<?xml version="1.0" encoding="utf-8"?>
<Project ToolsVersion="4.0" xmlns="http://schemas.microsoft.com/developer/msbuild/2003">
  <ItemGroup>
    <Filter Include="ソース ファイル">
      <UniqueIdentifier>{4FC737F1-C7A5-4376-A066-2A32D752A2FF}</UniqueIdentifier>
      <Extensions>cpp;c;cc;cxx;c++;cppm;ixx;def;odl;idl;hpj;bat;asm;asmx</Extensions>
    </Filter>
    <Filter Include="ヘッダー ファイル">
      <UniqueIdentifier>{93995380-89BD-4b04-88EB-625FBE52EBFB}</UniqueIdentifier>
      <Extensions>h;hh;hpp;hxx;h++;hm;inl;inc;ipp;xsd</Extensions>
    </Filter>
    <Filter Include="ヘッダー ファイル\リソース ファイル">
      <UniqueIdentifier>{67DA6AB6-F800-4c08-8B7A-83BB121AAD01}</UniqueIdentifier>
      <Extensions>rc;ico;cur;bmp;dlg;rc2;rct;bin;rgs;gif;jpg;jpeg;jpe;resx;tiff;tif;png;wav;mfcribbon-ms</Extensions>
    </Filter>
    <Filter Include="Apple">
      <UniqueIdentifier>{8163c599-26ef-4031-bf38-8634cf0c3642}</UniqueIdentifier>
    </Filter>
    <Filter Include="main">
      <UniqueIdentifier>{870dfde8-f170-449f-b58a-0e68f3bfdf6c}</UniqueIdentifier>
    </Filter>
    <Filter Include="player">
      <UniqueIdentifier>{ef62891c-7c92-4c93-be66-595d84faa526}</UniqueIdentifier>
    </Filter>
    <Filter Include="pad">
      <UniqueIdentifier>{07ba442a-a881-4b3f-bd73-f4fd74b69b45}</UniqueIdentifier>
    </Filter>
    <Filter Include="Help">
      <UniqueIdentifier>{880d040c-b18a-44e3-8017-5291c92befb4}</UniqueIdentifier>
    </Filter>
    <Filter Include="UI">
      <UniqueIdentifier>{df2be2ca-90f1-4d6b-bf6b-1bba70c2538a}</UniqueIdentifier>
    </Filter>
    <Filter Include="End">
      <UniqueIdentifier>{7b323df5-c1b6-464f-b86d-9360caaa75a2}</UniqueIdentifier>
    </Filter>
    <Filter Include="Font">
      <UniqueIdentifier>{a80080e4-f505-46ea-b36a-ebbbbd13dd77}</UniqueIdentifier>
    </Filter>
    <Filter Include="Ranking">
      <UniqueIdentifier>{fca1cfa4-9e23-47fd-9c88-b5a79fc0939d}</UniqueIdentifier>
    </Filter>
  </ItemGroup>
  <ItemGroup>
    <ClCompile Include="AppleControl.cpp">
      <Filter>Apple</Filter>
    </ClCompile>
    <ClCompile Include="CreateApple.cpp">
      <Filter>Apple</Filter>
    </ClCompile>
    <ClCompile Include="LoadGraph.cpp">
      <Filter>main</Filter>
    </ClCompile>
    <ClCompile Include="Playercon.cpp">
      <Filter>player</Filter>
    </ClCompile>
    <ClCompile Include="HItBoxPlayer.cpp">
      <Filter>Apple</Filter>
    </ClCompile>
    <ClCompile Include="pad.cpp">
      <Filter>pad</Filter>
    </ClCompile>
    <ClCompile Include="Help.cpp">
      <Filter>Help</Filter>
    </ClCompile>
    <ClCompile Include="main.cpp">
      <Filter>main</Filter>
    </ClCompile>
    <ClCompile Include="LoadSound.cpp">
      <Filter>main</Filter>
    </ClCompile>
    <ClCompile Include="UI.cpp">
      <Filter>UI</Filter>
    </ClCompile>
    <ClCompile Include="End.cpp">
      <Filter>End</Filter>
    </ClCompile>
    <ClCompile Include="Font.cpp">
      <Filter>Font</Filter>
    </ClCompile>
    <ClCompile Include="Ranking.cpp">
      <Filter>Ranking</Filter>
    </ClCompile>
  </ItemGroup>
  <ItemGroup>
    <ClInclude Include="apple.h">
      <Filter>Apple</Filter>
    </ClInclude>
    <ClInclude Include="hensuu.h">
      <Filter>main</Filter>
    </ClInclude>
    <ClInclude Include="Player.h">
      <Filter>player</Filter>
    </ClInclude>
    <ClInclude Include="Font.h">
      <Filter>Font</Filter>
    </ClInclude>
    <ClInclude Include="Help.h">
      <Filter>Help</Filter>
    </ClInclude>
    <ClInclude Include="UI.h">
      <Filter>UI</Filter>
    </ClInclude>
    <ClInclude Include="End.h">
      <Filter>End</Filter>
    </ClInclude>
    <ClInclude Include="Ranking.h">
      <Filter>Ranking</Filter>
    </ClInclude>
    <ClInclude Include="pad.h">
      <Filter>pad</Filter>
    </ClInclude>
  </ItemGroup>
</Project>