<?xml version="1.0" encoding="utf-8"?>
<Project ToolsVersion="4.0" xmlns="http://schemas.microsoft.com/developer/msbuild/2003">
  <ItemGroup>
    <Filter Include="ソース ファイル">
      <UniqueIdentifier>{4FC737F1-C7A5-4376-A066-2A32D752A2FF}</UniqueIdentifier>
      <Extensions>cpp;c;cc;cxx;c++;cppm;ixx;def;odl;idl;hpj;bat;asm;asmx</Extensions>
    </Filter>
    <Filter Include="ヘッダー ファイル">
      <UniqueIdentifier>{93995380-89BD-4b04-88EB-625FBE52EBFB}</UniqueIdentifier>
      <Extensions>h;hh;hpp;hxx;h++;hm;inl;inc;ipp;xsd</Extensions>
    </Filter>
    <Filter Include="ヘッダー ファイル\リソース ファイル">
      <UniqueIdentifier>{67DA6AB6-F800-4c08-8B7A-83BB121AAD01}</UniqueIdentifier>
      <Extensions>rc;ico;cur;bmp;dlg;rc2;rct;bin;rgs;gif;jpg;jpeg;jpe;resx;tiff;tif;png;wav;mfcribbon-ms</Extensions>
    </Filter>
    <Filter Include="Apple">
      <UniqueIdentifier>{8163c599-26ef-4031-bf38-8634cf0c3642}</UniqueIdentifier>
    </Filter>
    <Filter Include="main">
      <UniqueIdentifier>{870dfde8-f170-449f-b58a-0e68f3bfdf6c}</UniqueIdentifier>
    </Filter>
    <Filter Include="Chara">
      <UniqueIdentifier>{ef62891c-7c92-4c93-be66-595d84faa526}</UniqueIdentifier>
    </Filter>
  </ItemGroup>
  <ItemGroup>
    <ClCompile Include="main.cpp">
      <Filter>ソース ファイル</Filter>
    </ClCompile>
    <ClCompile Include="AppleControl.cpp">
      <Filter>Apple</Filter>
    </ClCompile>
    <ClCompile Include="CreateApple.cpp">
      <Filter>Apple</Filter>
    </ClCompile>
    <ClCompile Include="LoadGraph.cpp">
      <Filter>main</Filter>
    </ClCompile>
    <ClCompile Include="Characon.cpp">
      <Filter>Chara</Filter>
    </ClCompile>
  </ItemGroup>
  <ItemGroup>
    <ClInclude Include="apple.h">
      <Filter>Apple</Filter>
    </ClInclude>
    <ClInclude Include="hensuu.h">
      <Filter>main</Filter>
    </ClInclude>
    <ClInclude Include="Chara.h">
      <Filter>Chara</Filter>
    </ClInclude>
  </ItemGroup>
</Project>